// !$*UTF8*$!
{
	archiveVersion = 1;
	classes = {
	};
	objectVersion = 50;
	objects = {

/* Begin PBXBuildFile section */
		9C8CB406215DACFE007DCFFD /* AppDelegate.swift in Sources */ = {isa = PBXBuildFile; fileRef = 9C8CB405215DACFE007DCFFD /* AppDelegate.swift */; };
		9C8CB408215DACFE007DCFFD /* ViewController.swift in Sources */ = {isa = PBXBuildFile; fileRef = 9C8CB407215DACFE007DCFFD /* ViewController.swift */; };
		9C8CB40B215DACFE007DCFFD /* Main.storyboard in Resources */ = {isa = PBXBuildFile; fileRef = 9C8CB409215DACFE007DCFFD /* Main.storyboard */; };
		9C8CB40D215DAD00007DCFFD /* Assets.xcassets in Resources */ = {isa = PBXBuildFile; fileRef = 9C8CB40C215DAD00007DCFFD /* Assets.xcassets */; };
		9C8CB410215DAD00007DCFFD /* LaunchScreen.storyboard in Resources */ = {isa = PBXBuildFile; fileRef = 9C8CB40E215DAD00007DCFFD /* LaunchScreen.storyboard */; };
		9C8CB41B215DAD00007DCFFD /* caculaterTests.swift in Sources */ = {isa = PBXBuildFile; fileRef = 9C8CB41A215DAD00007DCFFD /* caculaterTests.swift */; };
		9C8CB426215DAD00007DCFFD /* caculaterUITests.swift in Sources */ = {isa = PBXBuildFile; fileRef = 9C8CB425215DAD00007DCFFD /* caculaterUITests.swift */; };
/* End PBXBuildFile section */

/* Begin PBXContainerItemProxy section */
		9C8CB417215DAD00007DCFFD /* PBXContainerItemProxy */ = {
			isa = PBXContainerItemProxy;
			containerPortal = 9C8CB3FA215DACFE007DCFFD /* Project object */;
			proxyType = 1;
			remoteGlobalIDString = 9C8CB401215DACFE007DCFFD;
			remoteInfo = caculater;
		};
		9C8CB422215DAD00007DCFFD /* PBXContainerItemProxy */ = {
			isa = PBXContainerItemProxy;
			containerPortal = 9C8CB3FA215DACFE007DCFFD /* Project object */;
			proxyType = 1;
			remoteGlobalIDString = 9C8CB401215DACFE007DCFFD;
			remoteInfo = caculater;
		};
/* End PBXContainerItemProxy section */

/* Begin PBXFileReference section */
		9C8CB402215DACFE007DCFFD /* caculater.app */ = {isa = PBXFileReference; explicitFileType = wrapper.application; includeInIndex = 0; path = caculater.app; sourceTree = BUILT_PRODUCTS_DIR; };
		9C8CB405215DACFE007DCFFD /* AppDelegate.swift */ = {isa = PBXFileReference; lastKnownFileType = sourcecode.swift; path = AppDelegate.swift; sourceTree = "<group>"; };
		9C8CB407215DACFE007DCFFD /* ViewController.swift */ = {isa = PBXFileReference; lastKnownFileType = sourcecode.swift; path = ViewController.swift; sourceTree = "<group>"; };
		9C8CB40A215DACFE007DCFFD /* Base */ = {isa = PBXFileReference; lastKnownFileType = file.storyboard; name = Base; path = Base.lproj/Main.storyboard; sourceTree = "<group>"; };
		9C8CB40C215DAD00007DCFFD /* Assets.xcassets */ = {isa = PBXFileReference; lastKnownFileType = folder.assetcatalog; path = Assets.xcassets; sourceTree = "<group>"; };
		9C8CB40F215DAD00007DCFFD /* Base */ = {isa = PBXFileReference; lastKnownFileType = file.storyboard; name = Base; path = Base.lproj/LaunchScreen.storyboard; sourceTree = "<group>"; };
		9C8CB411215DAD00007DCFFD /* Info.plist */ = {isa = PBXFileReference; lastKnownFileType = text.plist.xml; path = Info.plist; sourceTree = "<group>"; };
		9C8CB416215DAD00007DCFFD /* caculaterTests.xctest */ = {isa = PBXFileReference; explicitFileType = wrapper.cfbundle; includeInIndex = 0; path = caculaterTests.xctest; sourceTree = BUILT_PRODUCTS_DIR; };
		9C8CB41A215DAD00007DCFFD /* caculaterTests.swift */ = {isa = PBXFileReference; lastKnownFileType = sourcecode.swift; path = caculaterTests.swift; sourceTree = "<group>"; };
		9C8CB41C215DAD00007DCFFD /* Info.plist */ = {isa = PBXFileReference; lastKnownFileType = text.plist.xml; path = Info.plist; sourceTree = "<group>"; };
		9C8CB421215DAD00007DCFFD /* caculaterUITests.xctest */ = {isa = PBXFileReference; explicitFileType = wrapper.cfbundle; includeInIndex = 0; path = caculaterUITests.xctest; sourceTree = BUILT_PRODUCTS_DIR; };
		9C8CB425215DAD00007DCFFD /* caculaterUITests.swift */ = {isa = PBXFileReference; lastKnownFileType = sourcecode.swift; path = caculaterUITests.swift; sourceTree = "<group>"; };
		9C8CB427215DAD00007DCFFD /* Info.plist */ = {isa = PBXFileReference; lastKnownFileType = text.plist.xml; path = Info.plist; sourceTree = "<group>"; };
/* End PBXFileReference section */

/* Begin PBXFrameworksBuildPhase section */
		9C8CB3FF215DACFE007DCFFD /* Frameworks */ = {
			isa = PBXFrameworksBuildPhase;
			buildActionMask = 2147483647;
			files = (
			);
			runOnlyForDeploymentPostprocessing = 0;
		};
		9C8CB413215DAD00007DCFFD /* Frameworks */ = {
			isa = PBXFrameworksBuildPhase;
			buildActionMask = 2147483647;
			files = (
			);
			runOnlyForDeploymentPostprocessing = 0;
		};
		9C8CB41E215DAD00007DCFFD /* Frameworks */ = {
			isa = PBXFrameworksBuildPhase;
			buildActionMask = 2147483647;
			files = (
			);
			runOnlyForDeploymentPostprocessing = 0;
		};
/* End PBXFrameworksBuildPhase section */

/* Begin PBXGroup section */
		9C8CB3F9215DACFE007DCFFD = {
			isa = PBXGroup;
			children = (
				9C8CB404215DACFE007DCFFD /* caculater */,
				9C8CB419215DAD00007DCFFD /* caculaterTests */,
				9C8CB424215DAD00007DCFFD /* caculaterUITests */,
				9C8CB403215DACFE007DCFFD /* Products */,
			);
			sourceTree = "<group>";
		};
		9C8CB403215DACFE007DCFFD /* Products */ = {
			isa = PBXGroup;
			children = (
				9C8CB402215DACFE007DCFFD /* caculater.app */,
				9C8CB416215DAD00007DCFFD /* caculaterTests.xctest */,
				9C8CB421215DAD00007DCFFD /* caculaterUITests.xctest */,
			);
			name = Products;
			sourceTree = "<group>";
		};
		9C8CB404215DACFE007DCFFD /* caculater */ = {
			isa = PBXGroup;
			children = (
				9C8CB405215DACFE007DCFFD /* AppDelegate.swift */,
				9C8CB407215DACFE007DCFFD /* ViewController.swift */,
				9C8CB409215DACFE007DCFFD /* Main.storyboard */,
				9C8CB40C215DAD00007DCFFD /* Assets.xcassets */,
				9C8CB40E215DAD00007DCFFD /* LaunchScreen.storyboard */,
				9C8CB411215DAD00007DCFFD /* Info.plist */,
			);
			path = caculater;
			sourceTree = "<group>";
		};
		9C8CB419215DAD00007DCFFD /* caculaterTests */ = {
			isa = PBXGroup;
			children = (
				9C8CB41A215DAD00007DCFFD /* caculaterTests.swift */,
				9C8CB41C215DAD00007DCFFD /* Info.plist */,
			);
			path = caculaterTests;
			sourceTree = "<group>";
		};
		9C8CB424215DAD00007DCFFD /* caculaterUITests */ = {
			isa = PBXGroup;
			children = (
				9C8CB425215DAD00007DCFFD /* caculaterUITests.swift */,
				9C8CB427215DAD00007DCFFD /* Info.plist */,
			);
			path = caculaterUITests;
			sourceTree = "<group>";
		};
/* End PBXGroup section */

/* Begin PBXNativeTarget section */
		9C8CB401215DACFE007DCFFD /* caculater */ = {
			isa = PBXNativeTarget;
			buildConfigurationList = 9C8CB42A215DAD00007DCFFD /* Build configuration list for PBXNativeTarget "caculater" */;
			buildPhases = (
				9C8CB3FE215DACFE007DCFFD /* Sources */,
				9C8CB3FF215DACFE007DCFFD /* Frameworks */,
				9C8CB400215DACFE007DCFFD /* Resources */,
			);
			buildRules = (
			);
			dependencies = (
			);
			name = caculater;
			productName = caculater;
			productReference = 9C8CB402215DACFE007DCFFD /* caculater.app */;
			productType = "com.apple.product-type.application";
		};
		9C8CB415215DAD00007DCFFD /* caculaterTests */ = {
			isa = PBXNativeTarget;
			buildConfigurationList = 9C8CB42D215DAD00007DCFFD /* Build configuration list for PBXNativeTarget "caculaterTests" */;
			buildPhases = (
				9C8CB412215DAD00007DCFFD /* Sources */,
				9C8CB413215DAD00007DCFFD /* Frameworks */,
				9C8CB414215DAD00007DCFFD /* Resources */,
			);
			buildRules = (
			);
			dependencies = (
				9C8CB418215DAD00007DCFFD /* PBXTargetDependency */,
			);
			name = caculaterTests;
			productName = caculaterTests;
			productReference = 9C8CB416215DAD00007DCFFD /* caculaterTests.xctest */;
			productType = "com.apple.product-type.bundle.unit-test";
		};
		9C8CB420215DAD00007DCFFD /* caculaterUITests */ = {
			isa = PBXNativeTarget;
			buildConfigurationList = 9C8CB430215DAD00007DCFFD /* Build configuration list for PBXNativeTarget "caculaterUITests" */;
			buildPhases = (
				9C8CB41D215DAD00007DCFFD /* Sources */,
				9C8CB41E215DAD00007DCFFD /* Frameworks */,
				9C8CB41F215DAD00007DCFFD /* Resources */,
			);
			buildRules = (
			);
			dependencies = (
				9C8CB423215DAD00007DCFFD /* PBXTargetDependency */,
			);
			name = caculaterUITests;
			productName = caculaterUITests;
			productReference = 9C8CB421215DAD00007DCFFD /* caculaterUITests.xctest */;
			productType = "com.apple.product-type.bundle.ui-testing";
		};
/* End PBXNativeTarget section */

/* Begin PBXProject section */
		9C8CB3FA215DACFE007DCFFD /* Project object */ = {
			isa = PBXProject;
			attributes = {
				LastSwiftUpdateCheck = 1000;
				LastUpgradeCheck = 1000;
				ORGANIZATIONNAME = "杜炎峰";
				TargetAttributes = {
					9C8CB401215DACFE007DCFFD = {
						CreatedOnToolsVersion = 10.0;
					};
					9C8CB415215DAD00007DCFFD = {
						CreatedOnToolsVersion = 10.0;
						TestTargetID = 9C8CB401215DACFE007DCFFD;
					};
					9C8CB420215DAD00007DCFFD = {
						CreatedOnToolsVersion = 10.0;
						TestTargetID = 9C8CB401215DACFE007DCFFD;
					};
				};
			};
			buildConfigurationList = 9C8CB3FD215DACFE007DCFFD /* Build configuration list for PBXProject "caculater" */;
			compatibilityVersion = "Xcode 9.3";
			developmentRegion = en;
			hasScannedForEncodings = 0;
			knownRegions = (
				en,
				Base,
			);
			mainGroup = 9C8CB3F9215DACFE007DCFFD;
			productRefGroup = 9C8CB403215DACFE007DCFFD /* Products */;
			projectDirPath = "";
			projectRoot = "";
			targets = (
				9C8CB401215DACFE007DCFFD /* caculater */,
				9C8CB415215DAD00007DCFFD /* caculaterTests */,
				9C8CB420215DAD00007DCFFD /* caculaterUITests */,
			);
		};
/* End PBXProject section */

/* Begin PBXResourcesBuildPhase section */
		9C8CB400215DACFE007DCFFD /* Resources */ = {
			isa = PBXResourcesBuildPhase;
			buildActionMask = 2147483647;
			files = (
				9C8CB410215DAD00007DCFFD /* LaunchScreen.storyboard in Resources */,
				9C8CB40D215DAD00007DCFFD /* Assets.xcassets in Resources */,
				9C8CB40B215DACFE007DCFFD /* Main.storyboard in Resources */,
			);
			runOnlyForDeploymentPostprocessing = 0;
		};
		9C8CB414215DAD00007DCFFD /* Resources */ = {
			isa = PBXResourcesBuildPhase;
			buildActionMask = 2147483647;
			files = (
			);
			runOnlyForDeploymentPostprocessing = 0;
		};
		9C8CB41F215DAD00007DCFFD /* Resources */ = {
			isa = PBXResourcesBuildPhase;
			buildActionMask = 2147483647;
			files = (
			);
			runOnlyForDeploymentPostprocessing = 0;
		};
/* End PBXResourcesBuildPhase section */

/* Begin PBXSourcesBuildPhase section */
		9C8CB3FE215DACFE007DCFFD /* Sources */ = {
			isa = PBXSourcesBuildPhase;
			buildActionMask = 2147483647;
			files = (
				9C8CB408215DACFE007DCFFD /* ViewController.swift in Sources */,
				9C8CB406215DACFE007DCFFD /* AppDelegate.swift in Sources */,
			);
			runOnlyForDeploymentPostprocessing = 0;
		};
		9C8CB412215DAD00007DCFFD /* Sources */ = {
			isa = PBXSourcesBuildPhase;
			buildActionMask = 2147483647;
			files = (
				9C8CB41B215DAD00007DCFFD /* caculaterTests.swift in Sources */,
			);
			runOnlyForDeploymentPostprocessing = 0;
		};
		9C8CB41D215DAD00007DCFFD /* Sources */ = {
			isa = PBXSourcesBuildPhase;
			buildActionMask = 2147483647;
			files = (
				9C8CB426215DAD00007DCFFD /* caculaterUITests.swift in Sources */,
			);
			runOnlyForDeploymentPostprocessing = 0;
		};
/* End PBXSourcesBuildPhase section */

/* Begin PBXTargetDependency section */
		9C8CB418215DAD00007DCFFD /* PBXTargetDependency */ = {
			isa = PBXTargetDependency;
			target = 9C8CB401215DACFE007DCFFD /* caculater */;
			targetProxy = 9C8CB417215DAD00007DCFFD /* PBXContainerItemProxy */;
		};
		9C8CB423215DAD00007DCFFD /* PBXTargetDependency */ = {
			isa = PBXTargetDependency;
			target = 9C8CB401215DACFE007DCFFD /* caculater */;
			targetProxy = 9C8CB422215DAD00007DCFFD /* PBXContainerItemProxy */;
		};
/* End PBXTargetDependency section */

/* Begin PBXVariantGroup section */
		9C8CB409215DACFE007DCFFD /* Main.storyboard */ = {
			isa = PBXVariantGroup;
			children = (
				9C8CB40A215DACFE007DCFFD /* Base */,
			);
			name = Main.storyboard;
			sourceTree = "<group>";
		};
		9C8CB40E215DAD00007DCFFD /* LaunchScreen.storyboard */ = {
			isa = PBXVariantGroup;
			children = (
				9C8CB40F215DAD00007DCFFD /* Base */,
			);
			name = LaunchScreen.storyboard;
			sourceTree = "<group>";
		};
/* End PBXVariantGroup section */

/* Begin XCBuildConfiguration section */
		9C8CB428215DAD00007DCFFD /* Debug */ = {
			isa = XCBuildConfiguration;
			buildSettings = {
				ALWAYS_SEARCH_USER_PATHS = NO;
				CLANG_ANALYZER_NONNULL = YES;
				CLANG_ANALYZER_NUMBER_OBJECT_CONVERSION = YES_AGGRESSIVE;
				CLANG_CXX_LANGUAGE_STANDARD = "gnu++14";
				CLANG_CXX_LIBRARY = "libc++";
				CLANG_ENABLE_MODULES = YES;
				CLANG_ENABLE_OBJC_ARC = YES;
				CLANG_ENABLE_OBJC_WEAK = YES;
				CLANG_WARN_BLOCK_CAPTURE_AUTORELEASING = YES;
				CLANG_WARN_BOOL_CONVERSION = YES;
				CLANG_WARN_COMMA = YES;
				CLANG_WARN_CONSTANT_CONVERSION = YES;
				CLANG_WARN_DEPRECATED_OBJC_IMPLEMENTATIONS = YES;
				CLANG_WARN_DIRECT_OBJC_ISA_USAGE = YES_ERROR;
				CLANG_WARN_DOCUMENTATION_COMMENTS = YES;
				CLANG_WARN_EMPTY_BODY = YES;
				CLANG_WARN_ENUM_CONVERSION = YES;
				CLANG_WARN_INFINITE_RECURSION = YES;
				CLANG_WARN_INT_CONVERSION = YES;
				CLANG_WARN_NON_LITERAL_NULL_CONVERSION = YES;
				CLANG_WARN_OBJC_IMPLICIT_RETAIN_SELF = YES;
				CLANG_WARN_OBJC_LITERAL_CONVERSION = YES;
				CLANG_WARN_OBJC_ROOT_CLASS = YES_ERROR;
				CLANG_WARN_RANGE_LOOP_ANALYSIS = YES;
				CLANG_WARN_STRICT_PROTOTYPES = YES;
				CLANG_WARN_SUSPICIOUS_MOVE = YES;
				CLANG_WARN_UNGUARDED_AVAILABILITY = YES_AGGRESSIVE;
				CLANG_WARN_UNREACHABLE_CODE = YES;
				CLANG_WARN__DUPLICATE_METHOD_MATCH = YES;
				CODE_SIGN_IDENTITY = "iPhone Developer";
				COPY_PHASE_STRIP = NO;
				DEBUG_INFORMATION_FORMAT = dwarf;
				ENABLE_STRICT_OBJC_MSGSEND = YES;
				ENABLE_TESTABILITY = YES;
				GCC_C_LANGUAGE_STANDARD = gnu11;
				GCC_DYNAMIC_NO_PIC = NO;
				GCC_NO_COMMON_BLOCKS = YES;
				GCC_OPTIMIZATION_LEVEL = 0;
				GCC_PREPROCESSOR_DEFINITIONS = (
					"DEBUG=1",
					"$(inherited)",
				);
				GCC_WARN_64_TO_32_BIT_CONVERSION = YES;
				GCC_WARN_ABOUT_RETURN_TYPE = YES_ERROR;
				GCC_WARN_UNDECLARED_SELECTOR = YES;
				GCC_WARN_UNINITIALIZED_AUTOS = YES_AGGRESSIVE;
				GCC_WARN_UNUSED_FUNCTION = YES;
				GCC_WARN_UNUSED_VARIABLE = YES;
				IPHONEOS_DEPLOYMENT_TARGET = 12.0;
				MTL_ENABLE_DEBUG_INFO = INCLUDE_SOURCE;
				MTL_FAST_MATH = YES;
				ONLY_ACTIVE_ARCH = YES;
				SDKROOT = iphoneos;
				SWIFT_ACTIVE_COMPILATION_CONDITIONS = DEBUG;
				SWIFT_OPTIMIZATION_LEVEL = "-Onone";
			};
			name = Debug;
		};
		9C8CB429215DAD00007DCFFD /* Release */ = {
			isa = XCBuildConfiguration;
			buildSettings = {
				ALWAYS_SEARCH_USER_PATHS = NO;
				CLANG_ANALYZER_NONNULL = YES;
				CLANG_ANALYZER_NUMBER_OBJECT_CONVERSION = YES_AGGRESSIVE;
				CLANG_CXX_LANGUAGE_STANDARD = "gnu++14";
				CLANG_CXX_LIBRARY = "libc++";
				CLANG_ENABLE_MODULES = YES;
				CLANG_ENABLE_OBJC_ARC = YES;
				CLANG_ENABLE_OBJC_WEAK = YES;
				CLANG_WARN_BLOCK_CAPTURE_AUTORELEASING = YES;
				CLANG_WARN_BOOL_CONVERSION = YES;
				CLANG_WARN_COMMA = YES;
				CLANG_WARN_CONSTANT_CONVERSION = YES;
				CLANG_WARN_DEPRECATED_OBJC_IMPLEMENTATIONS = YES;
				CLANG_WARN_DIRECT_OBJC_ISA_USAGE = YES_ERROR;
				CLANG_WARN_DOCUMENTATION_COMMENTS = YES;
				CLANG_WARN_EMPTY_BODY = YES;
				CLANG_WARN_ENUM_CONVERSION = YES;
				CLANG_WARN_INFINITE_RECURSION = YES;
				CLANG_WARN_INT_CONVERSION = YES;
				CLANG_WARN_NON_LITERAL_NULL_CONVERSION = YES;
				CLANG_WARN_OBJC_IMPLICIT_RETAIN_SELF = YES;
				CLANG_WARN_OBJC_LITERAL_CONVERSION = YES;
				CLANG_WARN_OBJC_ROOT_CLASS = YES_ERROR;
				CLANG_WARN_RANGE_LOOP_ANALYSIS = YES;
				CLANG_WARN_STRICT_PROTOTYPES = YES;
				CLANG_WARN_SUSPICIOUS_MOVE = YES;
				CLANG_WARN_UNGUARDED_AVAILABILITY = YES_AGGRESSIVE;
				CLANG_WARN_UNREACHABLE_CODE = YES;
				CLANG_WARN__DUPLICATE_METHOD_MATCH = YES;
				CODE_SIGN_IDENTITY = "iPhone Developer";
				COPY_PHASE_STRIP = NO;
				DEBUG_INFORMATION_FORMAT = "dwarf-with-dsym";
				ENABLE_NS_ASSERTIONS = NO;
				ENABLE_STRICT_OBJC_MSGSEND = YES;
				GCC_C_LANGUAGE_STANDARD = gnu11;
				GCC_NO_COMMON_BLOCKS = YES;
				GCC_WARN_64_TO_32_BIT_CONVERSION = YES;
				GCC_WARN_ABOUT_RETURN_TYPE = YES_ERROR;
				GCC_WARN_UNDECLARED_SELECTOR = YES;
				GCC_WARN_UNINITIALIZED_AUTOS = YES_AGGRESSIVE;
				GCC_WARN_UNUSED_FUNCTION = YES;
				GCC_WARN_UNUSED_VARIABLE = YES;
				IPHONEOS_DEPLOYMENT_TARGET = 12.0;
				MTL_ENABLE_DEBUG_INFO = NO;
				MTL_FAST_MATH = YES;
				SDKROOT = iphoneos;
				SWIFT_COMPILATION_MODE = wholemodule;
				SWIFT_OPTIMIZATION_LEVEL = "-O";
				VALIDATE_PRODUCT = YES;
			};
			name = Release;
		};
		9C8CB42B215DAD00007DCFFD /* Debug */ = {
			isa = XCBuildConfiguration;
			buildSettings = {
				ASSETCATALOG_COMPILER_APPICON_NAME = AppIcon;
				CODE_SIGN_STYLE = Automatic;
				INFOPLIST_FILE = caculater/Info.plist;
				LD_RUNPATH_SEARCH_PATHS = (
					"$(inherited)",
					"@executable_path/Frameworks",
				);
				PRODUCT_BUNDLE_IDENTIFIER = imnu.edu.cn.caculater;
				PRODUCT_NAME = "$(TARGET_NAME)";
				SWIFT_VERSION = 4.2;
				TARGETED_DEVICE_FAMILY = "1,2";
			};
			name = Debug;
		};
		9C8CB42C215DAD00007DCFFD /* Release */ = {
			isa = XCBuildConfiguration;
			buildSettings = {
				ASSETCATALOG_COMPILER_APPICON_NAME = AppIcon;
				CODE_SIGN_STYLE = Automatic;
				INFOPLIST_FILE = caculater/Info.plist;
				LD_RUNPATH_SEARCH_PATHS = (
					"$(inherited)",
					"@executable_path/Frameworks",
				);
				PRODUCT_BUNDLE_IDENTIFIER = imnu.edu.cn.caculater;
				PRODUCT_NAME = "$(TARGET_NAME)";
				SWIFT_VERSION = 4.2;
				TARGETED_DEVICE_FAMILY = "1,2";
			};
			name = Release;
		};
		9C8CB42E215DAD00007DCFFD /* Debug */ = {
			isa = XCBuildConfiguration;
			buildSettings = {
				ALWAYS_EMBED_SWIFT_STANDARD_LIBRARIES = YES;
				BUNDLE_LOADER = "$(TEST_HOST)";
				CODE_SIGN_STYLE = Automatic;
				INFOPLIST_FILE = caculaterTests/Info.plist;
				LD_RUNPATH_SEARCH_PATHS = (
					"$(inherited)",
					"@executable_path/Frameworks",
					"@loader_path/Frameworks",
				);
				PRODUCT_BUNDLE_IDENTIFIER = imnu.edu.cn.caculaterTests;
				PRODUCT_NAME = "$(TARGET_NAME)";
				SWIFT_VERSION = 4.2;
				TARGETED_DEVICE_FAMILY = "1,2";
				TEST_HOST = "$(BUILT_PRODUCTS_DIR)/caculater.app/caculater";
			};
			name = Debug;
		};
		9C8CB42F215DAD00007DCFFD /* Release */ = {
			isa = XCBuildConfiguration;
			buildSettings = {
				ALWAYS_EMBED_SWIFT_STANDARD_LIBRARIES = YES;
				BUNDLE_LOADER = "$(TEST_HOST)";
				CODE_SIGN_STYLE = Automatic;
				INFOPLIST_FILE = caculaterTests/Info.plist;
				LD_RUNPATH_SEARCH_PATHS = (
					"$(inherited)",
					"@executable_path/Frameworks",
					"@loader_path/Frameworks",
				);
				PRODUCT_BUNDLE_IDENTIFIER = imnu.edu.cn.caculaterTests;
				PRODUCT_NAME = "$(TARGET_NAME)";
				SWIFT_VERSION = 4.2;
				TARGETED_DEVICE_FAMILY = "1,2";
				TEST_HOST = "$(BUILT_PRODUCTS_DIR)/caculater.app/caculater";
			};
			name = Release;
		};
		9C8CB431215DAD00007DCFFD /* Debug */ = {
			isa = XCBuildConfiguration;
			buildSettings = {
				ALWAYS_EMBED_SWIFT_STANDARD_LIBRARIES = YES;
				CODE_SIGN_STYLE = Automatic;
				INFOPLIST_FILE = caculaterUITests/Info.plist;
				LD_RUNPATH_SEARCH_PATHS = (
					"$(inherited)",
					"@executable_path/Frameworks",
					"@loader_path/Frameworks",
				);
				PRODUCT_BUNDLE_IDENTIFIER = imnu.edu.cn.caculaterUITests;
				PRODUCT_NAME = "$(TARGET_NAME)";
				SWIFT_VERSION = 4.2;
				TARGETED_DEVICE_FAMILY = "1,2";
				TEST_TARGET_NAME = caculater;
			};
			name = Debug;
		};
		9C8CB432215DAD00007DCFFD /* Release */ = {
			isa = XCBuildConfiguration;
			buildSettings = {
				ALWAYS_EMBED_SWIFT_STANDARD_LIBRARIES = YES;
				CODE_SIGN_STYLE = Automatic;
				INFOPLIST_FILE = caculaterUITests/Info.plist;
				LD_RUNPATH_SEARCH_PATHS = (
					"$(inherited)",
					"@executable_path/Frameworks",
					"@loader_path/Frameworks",
				);
				PRODUCT_BUNDLE_IDENTIFIER = imnu.edu.cn.caculaterUITests;
				PRODUCT_NAME = "$(TARGET_NAME)";
				SWIFT_VERSION = 4.2;
				TARGETED_DEVICE_FAMILY = "1,2";
				TEST_TARGET_NAME = caculater;
			};
			name = Release;
		};
/* End XCBuildConfiguration section */

/* Begin XCConfigurationList section */
		9C8CB3FD215DACFE007DCFFD /* Build configuration list for PBXProject "caculater" */ = {
			isa = XCConfigurationList;
			buildConfigurations = (
				9C8CB428215DAD00007DCFFD /* Debug */,
				9C8CB429215DAD00007DCFFD /* Release */,
			);
			defaultConfigurationIsVisible = 0;
			defaultConfigurationName = Release;
		};
		9C8CB42A215DAD00007DCFFD /* Build configuration list for PBXNativeTarget "caculater" */ = {
			isa = XCConfigurationList;
			buildConfigurations = (
				9C8CB42B215DAD00007DCFFD /* Debug */,
				9C8CB42C215DAD00007DCFFD /* Release */,
			);
			defaultConfigurationIsVisible = 0;
			defaultConfigurationName = Release;
		};
		9C8CB42D215DAD00007DCFFD /* Build configuration list for PBXNativeTarget "caculaterTests" */ = {
			isa = XCConfigurationList;
			buildConfigurations = (
				9C8CB42E215DAD00007DCFFD /* Debug */,
				9C8CB42F215DAD00007DCFFD /* Release */,
			);
			defaultConfigurationIsVisible = 0;
			defaultConfigurationName = Release;
		};
		9C8CB430215DAD00007DCFFD /* Build configuration list for PBXNativeTarget "caculaterUITests" */ = {
			isa = XCConfigurationList;
			buildConfigurations = (
				9C8CB431215DAD00007DCFFD /* Debug */,
				9C8CB432215DAD00007DCFFD /* Release */,
			);
			defaultConfigurationIsVisible = 0;
			defaultConfigurationName = Release;
		};
/* End XCConfigurationList section */
	};
	rootObject = 9C8CB3FA215DACFE007DCFFD /* Project object */;
}
